// !$*UTF8*$!
{
	archiveVersion = 1;
	classes = {
	};
	objectVersion = 56;
	objects = {

/* Begin PBXBuildFile section */
		361011CA2B025AB000560EF7 /* Selection.swift in Sources */ = {isa = PBXBuildFile; fileRef = 361011C92B025AB000560EF7 /* Selection.swift */; };
		361011CC2B025E7600560EF7 /* Nil.swift in Sources */ = {isa = PBXBuildFile; fileRef = 361011CB2B025E7600560EF7 /* Nil.swift */; };
		361011CE2B08943800560EF7 /* Option.swift in Sources */ = {isa = PBXBuildFile; fileRef = 361011CD2B08943800560EF7 /* Option.swift */; };
		361011D02B089A8E00560EF7 /* Sample.swift in Sources */ = {isa = PBXBuildFile; fileRef = 361011CF2B089A8E00560EF7 /* Sample.swift */; };
		361011D22B08A69A00560EF7 /* Exception.swift in Sources */ = {isa = PBXBuildFile; fileRef = 361011D12B08A69A00560EF7 /* Exception.swift */; };
		361011D42B12194500560EF7 /* MyCar_Protocol.swift in Sources */ = {isa = PBXBuildFile; fileRef = 361011D32B12194500560EF7 /* MyCar_Protocol.swift */; };
		361011D62B12276500560EF7 /* MyGeneric.swift in Sources */ = {isa = PBXBuildFile; fileRef = 361011D52B12276500560EF7 /* MyGeneric.swift */; };
		365906012AF91FFD000332D8 /* Elevator_Struct.swift in Sources */ = {isa = PBXBuildFile; fileRef = 365906002AF91FFD000332D8 /* Elevator_Struct.swift */; };
		365906032AF924E3000332D8 /* Diff_Class.swift in Sources */ = {isa = PBXBuildFile; fileRef = 365906022AF924E3000332D8 /* Diff_Class.swift */; };
		366C8E602AF3DCB80002164A /* Loop.swift in Sources */ = {isa = PBXBuildFile; fileRef = 366C8E5F2AF3DCB80002164A /* Loop.swift */; };
		366C8E622AF3E0320002164A /* FunctionTraining.swift in Sources */ = {isa = PBXBuildFile; fileRef = 366C8E612AF3E0320002164A /* FunctionTraining.swift */; };
		366C8E642AF3E3F30002164A /* Half.swift in Sources */ = {isa = PBXBuildFile; fileRef = 366C8E632AF3E3F30002164A /* Half.swift */; };
		36BD82052AFBCDCF0053AF5D /* Choice.swift in Sources */ = {isa = PBXBuildFile; fileRef = 36BD82042AFBCDCF0053AF5D /* Choice.swift */; };
		36C11A8D2AE1653500DC6030 /* FastSwiftBasicApp.swift in Sources */ = {isa = PBXBuildFile; fileRef = 36C11A8C2AE1653500DC6030 /* FastSwiftBasicApp.swift */; };
		36C11A8F2AE1653500DC6030 /* Variable.swift in Sources */ = {isa = PBXBuildFile; fileRef = 36C11A8E2AE1653500DC6030 /* Variable.swift */; };
		36C11A912AE1653700DC6030 /* Assets.xcassets in Resources */ = {isa = PBXBuildFile; fileRef = 36C11A902AE1653700DC6030 /* Assets.xcassets */; };
		36C11A942AE1653700DC6030 /* Preview Assets.xcassets in Resources */ = {isa = PBXBuildFile; fileRef = 36C11A932AE1653700DC6030 /* Preview Assets.xcassets */; };
		36C11A9B2AE169C300DC6030 /* VariableType.swift in Sources */ = {isa = PBXBuildFile; fileRef = 36C11A9A2AE169C300DC6030 /* VariableType.swift */; };
		36E186482AE530E1007A55E4 /* MyCollections.swift in Sources */ = {isa = PBXBuildFile; fileRef = 36E186472AE530E1007A55E4 /* MyCollections.swift */; };
		36E1864A2AE53519007A55E4 /* Condition.swift in Sources */ = {isa = PBXBuildFile; fileRef = 36E186492AE53519007A55E4 /* Condition.swift */; };
/* End PBXBuildFile section */

/* Begin PBXFileReference section */
		361011C92B025AB000560EF7 /* Selection.swift */ = {isa = PBXFileReference; lastKnownFileType = sourcecode.swift; path = Selection.swift; sourceTree = "<group>"; };
		361011CB2B025E7600560EF7 /* Nil.swift */ = {isa = PBXFileReference; lastKnownFileType = sourcecode.swift; path = Nil.swift; sourceTree = "<group>"; };
		361011CD2B08943800560EF7 /* Option.swift */ = {isa = PBXFileReference; lastKnownFileType = sourcecode.swift; path = Option.swift; sourceTree = "<group>"; };
		361011CF2B089A8E00560EF7 /* Sample.swift */ = {isa = PBXFileReference; lastKnownFileType = sourcecode.swift; path = Sample.swift; sourceTree = "<group>"; };
		361011D12B08A69A00560EF7 /* Exception.swift */ = {isa = PBXFileReference; lastKnownFileType = sourcecode.swift; path = Exception.swift; sourceTree = "<group>"; };
		361011D32B12194500560EF7 /* MyCar_Protocol.swift */ = {isa = PBXFileReference; lastKnownFileType = sourcecode.swift; path = MyCar_Protocol.swift; sourceTree = "<group>"; };
		361011D52B12276500560EF7 /* MyGeneric.swift */ = {isa = PBXFileReference; lastKnownFileType = sourcecode.swift; path = MyGeneric.swift; sourceTree = "<group>"; };
		365906002AF91FFD000332D8 /* Elevator_Struct.swift */ = {isa = PBXFileReference; lastKnownFileType = sourcecode.swift; path = Elevator_Struct.swift; sourceTree = "<group>"; };
		365906022AF924E3000332D8 /* Diff_Class.swift */ = {isa = PBXFileReference; lastKnownFileType = sourcecode.swift; path = Diff_Class.swift; sourceTree = "<group>"; };
		366C8E5F2AF3DCB80002164A /* Loop.swift */ = {isa = PBXFileReference; lastKnownFileType = sourcecode.swift; path = Loop.swift; sourceTree = "<group>"; };
		366C8E612AF3E0320002164A /* FunctionTraining.swift */ = {isa = PBXFileReference; lastKnownFileType = sourcecode.swift; path = FunctionTraining.swift; sourceTree = "<group>"; };
		366C8E632AF3E3F30002164A /* Half.swift */ = {isa = PBXFileReference; lastKnownFileType = sourcecode.swift; path = Half.swift; sourceTree = "<group>"; };
		36BD82042AFBCDCF0053AF5D /* Choice.swift */ = {isa = PBXFileReference; lastKnownFileType = sourcecode.swift; path = Choice.swift; sourceTree = "<group>"; };
		36C11A892AE1653500DC6030 /* FastSwiftBasic.app */ = {isa = PBXFileReference; explicitFileType = wrapper.application; includeInIndex = 0; path = FastSwiftBasic.app; sourceTree = BUILT_PRODUCTS_DIR; };
		36C11A8C2AE1653500DC6030 /* FastSwiftBasicApp.swift */ = {isa = PBXFileReference; lastKnownFileType = sourcecode.swift; path = FastSwiftBasicApp.swift; sourceTree = "<group>"; };
		36C11A8E2AE1653500DC6030 /* Variable.swift */ = {isa = PBXFileReference; lastKnownFileType = sourcecode.swift; path = Variable.swift; sourceTree = "<group>"; };
		36C11A902AE1653700DC6030 /* Assets.xcassets */ = {isa = PBXFileReference; lastKnownFileType = folder.assetcatalog; path = Assets.xcassets; sourceTree = "<group>"; };
		36C11A932AE1653700DC6030 /* Preview Assets.xcassets */ = {isa = PBXFileReference; lastKnownFileType = folder.assetcatalog; path = "Preview Assets.xcassets"; sourceTree = "<group>"; };
		36C11A9A2AE169C300DC6030 /* VariableType.swift */ = {isa = PBXFileReference; lastKnownFileType = sourcecode.swift; path = VariableType.swift; sourceTree = "<group>"; };
		36E186472AE530E1007A55E4 /* MyCollections.swift */ = {isa = PBXFileReference; lastKnownFileType = sourcecode.swift; path = MyCollections.swift; sourceTree = "<group>"; };
		36E186492AE53519007A55E4 /* Condition.swift */ = {isa = PBXFileReference; lastKnownFileType = sourcecode.swift; path = Condition.swift; sourceTree = "<group>"; };
/* End PBXFileReference section */

/* Begin PBXFrameworksBuildPhase section */
		36C11A862AE1653500DC6030 /* Frameworks */ = {
			isa = PBXFrameworksBuildPhase;
			buildActionMask = 2147483647;
			files = (
			);
			runOnlyForDeploymentPostprocessing = 0;
		};
/* End PBXFrameworksBuildPhase section */

/* Begin PBXGroup section */
		36C11A802AE1653500DC6030 = {
			isa = PBXGroup;
			children = (
				36C11A8B2AE1653500DC6030 /* FastSwiftBasic */,
				36C11A8A2AE1653500DC6030 /* Products */,
			);
			sourceTree = "<group>";
		};
		36C11A8A2AE1653500DC6030 /* Products */ = {
			isa = PBXGroup;
			children = (
				36C11A892AE1653500DC6030 /* FastSwiftBasic.app */,
			);
			name = Products;
			sourceTree = "<group>";
		};
		36C11A8B2AE1653500DC6030 /* FastSwiftBasic */ = {
			isa = PBXGroup;
			children = (
				36C11A8C2AE1653500DC6030 /* FastSwiftBasicApp.swift */,
				36C11A8E2AE1653500DC6030 /* Variable.swift */,
				36C11A902AE1653700DC6030 /* Assets.xcassets */,
				36C11A922AE1653700DC6030 /* Preview Content */,
				36C11A9A2AE169C300DC6030 /* VariableType.swift */,
				36E186472AE530E1007A55E4 /* MyCollections.swift */,
				36E186492AE53519007A55E4 /* Condition.swift */,
				366C8E5F2AF3DCB80002164A /* Loop.swift */,
				366C8E612AF3E0320002164A /* FunctionTraining.swift */,
				366C8E632AF3E3F30002164A /* Half.swift */,
				365906002AF91FFD000332D8 /* Elevator_Struct.swift */,
				365906022AF924E3000332D8 /* Diff_Class.swift */,
				36BD82042AFBCDCF0053AF5D /* Choice.swift */,
				361011C92B025AB000560EF7 /* Selection.swift */,
				361011CB2B025E7600560EF7 /* Nil.swift */,
				361011CD2B08943800560EF7 /* Option.swift */,
				361011CF2B089A8E00560EF7 /* Sample.swift */,
				361011D12B08A69A00560EF7 /* Exception.swift */,
				361011D32B12194500560EF7 /* MyCar_Protocol.swift */,
				361011D52B12276500560EF7 /* MyGeneric.swift */,
			);
			path = FastSwiftBasic;
			sourceTree = "<group>";
		};
		36C11A922AE1653700DC6030 /* Preview Content */ = {
			isa = PBXGroup;
			children = (
				36C11A932AE1653700DC6030 /* Preview Assets.xcassets */,
			);
			path = "Preview Content";
			sourceTree = "<group>";
		};
/* End PBXGroup section */

/* Begin PBXNativeTarget section */
		36C11A882AE1653500DC6030 /* FastSwiftBasic */ = {
			isa = PBXNativeTarget;
			buildConfigurationList = 36C11A972AE1653700DC6030 /* Build configuration list for PBXNativeTarget "FastSwiftBasic" */;
			buildPhases = (
				36C11A852AE1653500DC6030 /* Sources */,
				36C11A862AE1653500DC6030 /* Frameworks */,
				36C11A872AE1653500DC6030 /* Resources */,
			);
			buildRules = (
			);
			dependencies = (
			);
			name = FastSwiftBasic;
			productName = FastSwiftBasic;
			productReference = 36C11A892AE1653500DC6030 /* FastSwiftBasic.app */;
			productType = "com.apple.product-type.application";
		};
/* End PBXNativeTarget section */

/* Begin PBXProject section */
		36C11A812AE1653500DC6030 /* Project object */ = {
			isa = PBXProject;
			attributes = {
				BuildIndependentTargetsInParallel = 1;
				LastSwiftUpdateCheck = 1430;
				LastUpgradeCheck = 1430;
				TargetAttributes = {
					36C11A882AE1653500DC6030 = {
						CreatedOnToolsVersion = 14.3.1;
					};
				};
			};
			buildConfigurationList = 36C11A842AE1653500DC6030 /* Build configuration list for PBXProject "FastSwiftBasic" */;
			compatibilityVersion = "Xcode 14.0";
			developmentRegion = en;
			hasScannedForEncodings = 0;
			knownRegions = (
				en,
				Base,
			);
			mainGroup = 36C11A802AE1653500DC6030;
			productRefGroup = 36C11A8A2AE1653500DC6030 /* Products */;
			projectDirPath = "";
			projectRoot = "";
			targets = (
				36C11A882AE1653500DC6030 /* FastSwiftBasic */,
			);
		};
/* End PBXProject section */

/* Begin PBXResourcesBuildPhase section */
		36C11A872AE1653500DC6030 /* Resources */ = {
			isa = PBXResourcesBuildPhase;
			buildActionMask = 2147483647;
			files = (
				36C11A942AE1653700DC6030 /* Preview Assets.xcassets in Resources */,
				36C11A912AE1653700DC6030 /* Assets.xcassets in Resources */,
			);
			runOnlyForDeploymentPostprocessing = 0;
		};
/* End PBXResourcesBuildPhase section */

/* Begin PBXSourcesBuildPhase section */
		36C11A852AE1653500DC6030 /* Sources */ = {
			isa = PBXSourcesBuildPhase;
			buildActionMask = 2147483647;
			files = (
				361011CA2B025AB000560EF7 /* Selection.swift in Sources */,
				366C8E642AF3E3F30002164A /* Half.swift in Sources */,
				361011CE2B08943800560EF7 /* Option.swift in Sources */,
				36C11A9B2AE169C300DC6030 /* VariableType.swift in Sources */,
				36BD82052AFBCDCF0053AF5D /* Choice.swift in Sources */,
				36C11A8F2AE1653500DC6030 /* Variable.swift in Sources */,
				36C11A8D2AE1653500DC6030 /* FastSwiftBasicApp.swift in Sources */,
				361011D42B12194500560EF7 /* MyCar_Protocol.swift in Sources */,
				366C8E602AF3DCB80002164A /* Loop.swift in Sources */,
				366C8E622AF3E0320002164A /* FunctionTraining.swift in Sources */,
				361011D22B08A69A00560EF7 /* Exception.swift in Sources */,
				361011CC2B025E7600560EF7 /* Nil.swift in Sources */,
				361011D02B089A8E00560EF7 /* Sample.swift in Sources */,
				365906032AF924E3000332D8 /* Diff_Class.swift in Sources */,
				36E186482AE530E1007A55E4 /* MyCollections.swift in Sources */,
				36E1864A2AE53519007A55E4 /* Condition.swift in Sources */,
				365906012AF91FFD000332D8 /* Elevator_Struct.swift in Sources */,
				361011D62B12276500560EF7 /* MyGeneric.swift in Sources */,
			);
			runOnlyForDeploymentPostprocessing = 0;
		};
/* End PBXSourcesBuildPhase section */

/* Begin XCBuildConfiguration section */
		36C11A952AE1653700DC6030 /* Debug */ = {
			isa = XCBuildConfiguration;
			buildSettings = {
				ALWAYS_SEARCH_USER_PATHS = NO;
				CLANG_ANALYZER_NONNULL = YES;
				CLANG_ANALYZER_NUMBER_OBJECT_CONVERSION = YES_AGGRESSIVE;
				CLANG_CXX_LANGUAGE_STANDARD = "gnu++20";
				CLANG_ENABLE_MODULES = YES;
				CLANG_ENABLE_OBJC_ARC = YES;
				CLANG_ENABLE_OBJC_WEAK = YES;
				CLANG_WARN_BLOCK_CAPTURE_AUTORELEASING = YES;
				CLANG_WARN_BOOL_CONVERSION = YES;
				CLANG_WARN_COMMA = YES;
				CLANG_WARN_CONSTANT_CONVERSION = YES;
				CLANG_WARN_DEPRECATED_OBJC_IMPLEMENTATIONS = YES;
				CLANG_WARN_DIRECT_OBJC_ISA_USAGE = YES_ERROR;
				CLANG_WARN_DOCUMENTATION_COMMENTS = YES;
				CLANG_WARN_EMPTY_BODY = YES;
				CLANG_WARN_ENUM_CONVERSION = YES;
				CLANG_WARN_INFINITE_RECURSION = YES;
				CLANG_WARN_INT_CONVERSION = YES;
				CLANG_WARN_NON_LITERAL_NULL_CONVERSION = YES;
				CLANG_WARN_OBJC_IMPLICIT_RETAIN_SELF = YES;
				CLANG_WARN_OBJC_LITERAL_CONVERSION = YES;
				CLANG_WARN_OBJC_ROOT_CLASS = YES_ERROR;
				CLANG_WARN_QUOTED_INCLUDE_IN_FRAMEWORK_HEADER = YES;
				CLANG_WARN_RANGE_LOOP_ANALYSIS = YES;
				CLANG_WARN_STRICT_PROTOTYPES = YES;
				CLANG_WARN_SUSPICIOUS_MOVE = YES;
				CLANG_WARN_UNGUARDED_AVAILABILITY = YES_AGGRESSIVE;
				CLANG_WARN_UNREACHABLE_CODE = YES;
				CLANG_WARN__DUPLICATE_METHOD_MATCH = YES;
				COPY_PHASE_STRIP = NO;
				DEBUG_INFORMATION_FORMAT = dwarf;
				ENABLE_STRICT_OBJC_MSGSEND = YES;
				ENABLE_TESTABILITY = YES;
				GCC_C_LANGUAGE_STANDARD = gnu11;
				GCC_DYNAMIC_NO_PIC = NO;
				GCC_NO_COMMON_BLOCKS = YES;
				GCC_OPTIMIZATION_LEVEL = 0;
				GCC_PREPROCESSOR_DEFINITIONS = (
					"DEBUG=1",
					"$(inherited)",
				);
				GCC_WARN_64_TO_32_BIT_CONVERSION = YES;
				GCC_WARN_ABOUT_RETURN_TYPE = YES_ERROR;
				GCC_WARN_UNDECLARED_SELECTOR = YES;
				GCC_WARN_UNINITIALIZED_AUTOS = YES_AGGRESSIVE;
				GCC_WARN_UNUSED_FUNCTION = YES;
				GCC_WARN_UNUSED_VARIABLE = YES;
				IPHONEOS_DEPLOYMENT_TARGET = 16.4;
				MTL_ENABLE_DEBUG_INFO = INCLUDE_SOURCE;
				MTL_FAST_MATH = YES;
				ONLY_ACTIVE_ARCH = YES;
				SDKROOT = iphoneos;
				SWIFT_ACTIVE_COMPILATION_CONDITIONS = DEBUG;
				SWIFT_OPTIMIZATION_LEVEL = "-Onone";
			};
			name = Debug;
		};
		36C11A962AE1653700DC6030 /* Release */ = {
			isa = XCBuildConfiguration;
			buildSettings = {
				ALWAYS_SEARCH_USER_PATHS = NO;
				CLANG_ANALYZER_NONNULL = YES;
				CLANG_ANALYZER_NUMBER_OBJECT_CONVERSION = YES_AGGRESSIVE;
				CLANG_CXX_LANGUAGE_STANDARD = "gnu++20";
				CLANG_ENABLE_MODULES = YES;
				CLANG_ENABLE_OBJC_ARC = YES;
				CLANG_ENABLE_OBJC_WEAK = YES;
				CLANG_WARN_BLOCK_CAPTURE_AUTORELEASING = YES;
				CLANG_WARN_BOOL_CONVERSION = YES;
				CLANG_WARN_COMMA = YES;
				CLANG_WARN_CONSTANT_CONVERSION = YES;
				CLANG_WARN_DEPRECATED_OBJC_IMPLEMENTATIONS = YES;
				CLANG_WARN_DIRECT_OBJC_ISA_USAGE = YES_ERROR;
				CLANG_WARN_DOCUMENTATION_COMMENTS = YES;
				CLANG_WARN_EMPTY_BODY = YES;
				CLANG_WARN_ENUM_CONVERSION = YES;
				CLANG_WARN_INFINITE_RECURSION = YES;
				CLANG_WARN_INT_CONVERSION = YES;
				CLANG_WARN_NON_LITERAL_NULL_CONVERSION = YES;
				CLANG_WARN_OBJC_IMPLICIT_RETAIN_SELF = YES;
				CLANG_WARN_OBJC_LITERAL_CONVERSION = YES;
				CLANG_WARN_OBJC_ROOT_CLASS = YES_ERROR;
				CLANG_WARN_QUOTED_INCLUDE_IN_FRAMEWORK_HEADER = YES;
				CLANG_WARN_RANGE_LOOP_ANALYSIS = YES;
				CLANG_WARN_STRICT_PROTOTYPES = YES;
				CLANG_WARN_SUSPICIOUS_MOVE = YES;
				CLANG_WARN_UNGUARDED_AVAILABILITY = YES_AGGRESSIVE;
				CLANG_WARN_UNREACHABLE_CODE = YES;
				CLANG_WARN__DUPLICATE_METHOD_MATCH = YES;
				COPY_PHASE_STRIP = NO;
				DEBUG_INFORMATION_FORMAT = "dwarf-with-dsym";
				ENABLE_NS_ASSERTIONS = NO;
				ENABLE_STRICT_OBJC_MSGSEND = YES;
				GCC_C_LANGUAGE_STANDARD = gnu11;
				GCC_NO_COMMON_BLOCKS = YES;
				GCC_WARN_64_TO_32_BIT_CONVERSION = YES;
				GCC_WARN_ABOUT_RETURN_TYPE = YES_ERROR;
				GCC_WARN_UNDECLARED_SELECTOR = YES;
				GCC_WARN_UNINITIALIZED_AUTOS = YES_AGGRESSIVE;
				GCC_WARN_UNUSED_FUNCTION = YES;
				GCC_WARN_UNUSED_VARIABLE = YES;
				IPHONEOS_DEPLOYMENT_TARGET = 16.4;
				MTL_ENABLE_DEBUG_INFO = NO;
				MTL_FAST_MATH = YES;
				SDKROOT = iphoneos;
				SWIFT_COMPILATION_MODE = wholemodule;
				SWIFT_OPTIMIZATION_LEVEL = "-O";
				VALIDATE_PRODUCT = YES;
			};
			name = Release;
		};
		36C11A982AE1653700DC6030 /* Debug */ = {
			isa = XCBuildConfiguration;
			buildSettings = {
				ASSETCATALOG_COMPILER_APPICON_NAME = AppIcon;
				ASSETCATALOG_COMPILER_GLOBAL_ACCENT_COLOR_NAME = AccentColor;
				CODE_SIGN_STYLE = Automatic;
				CURRENT_PROJECT_VERSION = 1;
				DEVELOPMENT_ASSET_PATHS = "\"FastSwiftBasic/Preview Content\"";
				DEVELOPMENT_TEAM = XNBM4KGBDA;
				ENABLE_PREVIEWS = YES;
				GENERATE_INFOPLIST_FILE = YES;
				INFOPLIST_KEY_UIApplicationSceneManifest_Generation = YES;
				INFOPLIST_KEY_UIApplicationSupportsIndirectInputEvents = YES;
				INFOPLIST_KEY_UILaunchScreen_Generation = YES;
				INFOPLIST_KEY_UISupportedInterfaceOrientations_iPad = "UIInterfaceOrientationPortrait UIInterfaceOrientationPortraitUpsideDown UIInterfaceOrientationLandscapeLeft UIInterfaceOrientationLandscapeRight";
				INFOPLIST_KEY_UISupportedInterfaceOrientations_iPhone = "UIInterfaceOrientationPortrait UIInterfaceOrientationLandscapeLeft UIInterfaceOrientationLandscapeRight";
				LD_RUNPATH_SEARCH_PATHS = (
					"$(inherited)",
					"@executable_path/Frameworks",
				);
				MARKETING_VERSION = 1.0;
				PRODUCT_BUNDLE_IDENTIFIER = com.binu.FastSwiftBasic;
				PRODUCT_NAME = "$(TARGET_NAME)";
				SWIFT_EMIT_LOC_STRINGS = YES;
				SWIFT_VERSION = 5.0;
				TARGETED_DEVICE_FAMILY = "1,2";
			};
			name = Debug;
		};
		36C11A992AE1653700DC6030 /* Release */ = {
			isa = XCBuildConfiguration;
			buildSettings = {
				ASSETCATALOG_COMPILER_APPICON_NAME = AppIcon;
				ASSETCATALOG_COMPILER_GLOBAL_ACCENT_COLOR_NAME = AccentColor;
				CODE_SIGN_STYLE = Automatic;
				CURRENT_PROJECT_VERSION = 1;
				DEVELOPMENT_ASSET_PATHS = "\"FastSwiftBasic/Preview Content\"";
				DEVELOPMENT_TEAM = XNBM4KGBDA;
				ENABLE_PREVIEWS = YES;
				GENERATE_INFOPLIST_FILE = YES;
				INFOPLIST_KEY_UIApplicationSceneManifest_Generation = YES;
				INFOPLIST_KEY_UIApplicationSupportsIndirectInputEvents = YES;
				INFOPLIST_KEY_UILaunchScreen_Generation = YES;
				INFOPLIST_KEY_UISupportedInterfaceOrientations_iPad = "UIInterfaceOrientationPortrait UIInterfaceOrientationPortraitUpsideDown UIInterfaceOrientationLandscapeLeft UIInterfaceOrientationLandscapeRight";
				INFOPLIST_KEY_UISupportedInterfaceOrientations_iPhone = "UIInterfaceOrientationPortrait UIInterfaceOrientationLandscapeLeft UIInterfaceOrientationLandscapeRight";
				LD_RUNPATH_SEARCH_PATHS = (
					"$(inherited)",
					"@executable_path/Frameworks",
				);
				MARKETING_VERSION = 1.0;
				PRODUCT_BUNDLE_IDENTIFIER = com.binu.FastSwiftBasic;
				PRODUCT_NAME = "$(TARGET_NAME)";
				SWIFT_EMIT_LOC_STRINGS = YES;
				SWIFT_VERSION = 5.0;
				TARGETED_DEVICE_FAMILY = "1,2";
			};
			name = Release;
		};
/* End XCBuildConfiguration section */

/* Begin XCConfigurationList section */
		36C11A842AE1653500DC6030 /* Build configuration list for PBXProject "FastSwiftBasic" */ = {
			isa = XCConfigurationList;
			buildConfigurations = (
				36C11A952AE1653700DC6030 /* Debug */,
				36C11A962AE1653700DC6030 /* Release */,
			);
			defaultConfigurationIsVisible = 0;
			defaultConfigurationName = Release;
		};
		36C11A972AE1653700DC6030 /* Build configuration list for PBXNativeTarget "FastSwiftBasic" */ = {
			isa = XCConfigurationList;
			buildConfigurations = (
				36C11A982AE1653700DC6030 /* Debug */,
				36C11A992AE1653700DC6030 /* Release */,
			);
			defaultConfigurationIsVisible = 0;
			defaultConfigurationName = Release;
		};
/* End XCConfigurationList section */
	};
	rootObject = 36C11A812AE1653500DC6030 /* Project object */;
}
